
Microsoft Visual Studio Solution File, Format Version 12.00
# Visual Studio Version 16
VisualStudioVersion = 16.0.32602.291
MinimumVisualStudioVersion = 10.0.40219.1
Project("{FAE04EC0-301F-11D3-BF4B-00C04F79EFBC}") = "Pets.API", "Pets.API\Pets.API.csproj", "{F97286D3-FA04-4355-A8FC-67EBAA8E8B0E}"
EndProject
Global
	GlobalSection(SolutionConfigurationPlatforms) = preSolution
		Debug|Any CPU = Debug|Any CPU
		Release|Any CPU = Release|Any CPU
	EndGlobalSection
	GlobalSection(ProjectConfigurationPlatforms) = postSolution
		{F97286D3-FA04-4355-A8FC-67EBAA8E8B0E}.Debug|Any CPU.ActiveCfg = Debug|Any CPU
		{F97286D3-FA04-4355-A8FC-67EBAA8E8B0E}.Debug|Any CPU.Build.0 = Debug|Any CPU
		{F97286D3-FA04-4355-A8FC-67EBAA8E8B0E}.Release|Any CPU.ActiveCfg = Release|Any CPU
		{F97286D3-FA04-4355-A8FC-67EBAA8E8B0E}.Release|Any CPU.Build.0 = Release|Any CPU
	EndGlobalSection
	GlobalSection(SolutionProperties) = preSolution
		HideSolutionNode = FALSE
	EndGlobalSection
	GlobalSection(ExtensibilityGlobals) = postSolution
		SolutionGuid = {B4D73780-F31A-4579-80F6-C3A801DE196E}
	EndGlobalSection
EndGlobal
